// !$*UTF8*$!
{
	archiveVersion = 1;
	classes = {
	};
	objectVersion = 50;
	objects = {

/* Begin PBXBuildFile section */
		8E63CA29243D7C21004DD886 /* achievements.json in Resources */ = {isa = PBXBuildFile; fileRef = 8E63CA28243D7C21004DD886 /* achievements.json */; };
		8EDA56DD243BA87A005074DE /* AppDelegate.swift in Sources */ = {isa = PBXBuildFile; fileRef = 8EDA56DC243BA87A005074DE /* AppDelegate.swift */; };
		8EDA56DF243BA87A005074DE /* SceneDelegate.swift in Sources */ = {isa = PBXBuildFile; fileRef = 8EDA56DE243BA87A005074DE /* SceneDelegate.swift */; };
		8EDA56E1243BA87A005074DE /* ViewController.swift in Sources */ = {isa = PBXBuildFile; fileRef = 8EDA56E0243BA87A005074DE /* ViewController.swift */; };
		8EDA56E4243BA87A005074DE /* Main.storyboard in Resources */ = {isa = PBXBuildFile; fileRef = 8EDA56E2243BA87A005074DE /* Main.storyboard */; };
		8EDA56E6243BA87E005074DE /* Assets.xcassets in Resources */ = {isa = PBXBuildFile; fileRef = 8EDA56E5243BA87E005074DE /* Assets.xcassets */; };
		8EDA56E9243BA87E005074DE /* LaunchScreen.storyboard in Resources */ = {isa = PBXBuildFile; fileRef = 8EDA56E7243BA87E005074DE /* LaunchScreen.storyboard */; };
		8EDA56F4243BA87F005074DE /* StashCoachTests.swift in Sources */ = {isa = PBXBuildFile; fileRef = 8EDA56F3243BA87F005074DE /* StashCoachTests.swift */; };
/* End PBXBuildFile section */

/* Begin PBXContainerItemProxy section */
		8EDA56F0243BA87E005074DE /* PBXContainerItemProxy */ = {
			isa = PBXContainerItemProxy;
			containerPortal = 8EDA56D1243BA87A005074DE /* Project object */;
			proxyType = 1;
			remoteGlobalIDString = 8EDA56D8243BA87A005074DE;
			remoteInfo = StashCoach;
		};
/* End PBXContainerItemProxy section */

/* Begin PBXFileReference section */
		8E63CA28243D7C21004DD886 /* achievements.json */ = {isa = PBXFileReference; fileEncoding = 4; lastKnownFileType = text.json; path = achievements.json; sourceTree = "<group>"; };
		8EDA56D9243BA87A005074DE /* StashCoach.app */ = {isa = PBXFileReference; explicitFileType = wrapper.application; includeInIndex = 0; path = StashCoach.app; sourceTree = BUILT_PRODUCTS_DIR; };
		8EDA56DC243BA87A005074DE /* AppDelegate.swift */ = {isa = PBXFileReference; lastKnownFileType = sourcecode.swift; path = AppDelegate.swift; sourceTree = "<group>"; };
		8EDA56DE243BA87A005074DE /* SceneDelegate.swift */ = {isa = PBXFileReference; lastKnownFileType = sourcecode.swift; path = SceneDelegate.swift; sourceTree = "<group>"; };
		8EDA56E0243BA87A005074DE /* ViewController.swift */ = {isa = PBXFileReference; lastKnownFileType = sourcecode.swift; path = ViewController.swift; sourceTree = "<group>"; };
		8EDA56E3243BA87A005074DE /* Base */ = {isa = PBXFileReference; lastKnownFileType = file.storyboard; name = Base; path = Base.lproj/Main.storyboard; sourceTree = "<group>"; };
		8EDA56E5243BA87E005074DE /* Assets.xcassets */ = {isa = PBXFileReference; lastKnownFileType = folder.assetcatalog; path = Assets.xcassets; sourceTree = "<group>"; };
		8EDA56E8243BA87E005074DE /* Base */ = {isa = PBXFileReference; lastKnownFileType = file.storyboard; name = Base; path = Base.lproj/LaunchScreen.storyboard; sourceTree = "<group>"; };
		8EDA56EA243BA87E005074DE /* Info.plist */ = {isa = PBXFileReference; lastKnownFileType = text.plist.xml; path = Info.plist; sourceTree = "<group>"; };
		8EDA56EF243BA87E005074DE /* StashCoachTests.xctest */ = {isa = PBXFileReference; explicitFileType = wrapper.cfbundle; includeInIndex = 0; path = StashCoachTests.xctest; sourceTree = BUILT_PRODUCTS_DIR; };
		8EDA56F3243BA87F005074DE /* StashCoachTests.swift */ = {isa = PBXFileReference; lastKnownFileType = sourcecode.swift; path = StashCoachTests.swift; sourceTree = "<group>"; };
		8EDA56F5243BA87F005074DE /* Info.plist */ = {isa = PBXFileReference; lastKnownFileType = text.plist.xml; path = Info.plist; sourceTree = "<group>"; };
/* End PBXFileReference section */

/* Begin PBXFrameworksBuildPhase section */
		8EDA56D6243BA87A005074DE /* Frameworks */ = {
			isa = PBXFrameworksBuildPhase;
			buildActionMask = 2147483647;
			files = (
			);
			runOnlyForDeploymentPostprocessing = 0;
		};
		8EDA56EC243BA87E005074DE /* Frameworks */ = {
			isa = PBXFrameworksBuildPhase;
			buildActionMask = 2147483647;
			files = (
			);
			runOnlyForDeploymentPostprocessing = 0;
		};
/* End PBXFrameworksBuildPhase section */

/* Begin PBXGroup section */
		8E63CA27243D7C21004DD886 /* Assets */ = {
			isa = PBXGroup;
			children = (
				8E63CA28243D7C21004DD886 /* achievements.json */,
			);
			path = Assets;
			sourceTree = "<group>";
		};
		8EDA56D0243BA87A005074DE = {
			isa = PBXGroup;
			children = (
				8EDA56DB243BA87A005074DE /* StashCoach */,
				8EDA56F2243BA87E005074DE /* StashCoachTests */,
				8EDA56DA243BA87A005074DE /* Products */,
			);
			sourceTree = "<group>";
		};
		8EDA56DA243BA87A005074DE /* Products */ = {
			isa = PBXGroup;
			children = (
				8EDA56D9243BA87A005074DE /* StashCoach.app */,
				8EDA56EF243BA87E005074DE /* StashCoachTests.xctest */,
			);
			name = Products;
			sourceTree = "<group>";
		};
		8EDA56DB243BA87A005074DE /* StashCoach */ = {
			isa = PBXGroup;
			children = (
				8E63CA27243D7C21004DD886 /* Assets */,
				8EDA56DC243BA87A005074DE /* AppDelegate.swift */,
				8EDA56DE243BA87A005074DE /* SceneDelegate.swift */,
				8EDA56E0243BA87A005074DE /* ViewController.swift */,
				8EDA56E2243BA87A005074DE /* Main.storyboard */,
				8EDA56E5243BA87E005074DE /* Assets.xcassets */,
				8EDA56E7243BA87E005074DE /* LaunchScreen.storyboard */,
				8EDA56EA243BA87E005074DE /* Info.plist */,
			);
			path = StashCoach;
			sourceTree = "<group>";
		};
		8EDA56F2243BA87E005074DE /* StashCoachTests */ = {
			isa = PBXGroup;
			children = (
				8EDA56F3243BA87F005074DE /* StashCoachTests.swift */,
				8EDA56F5243BA87F005074DE /* Info.plist */,
			);
			path = StashCoachTests;
			sourceTree = "<group>";
		};
/* End PBXGroup section */

/* Begin PBXNativeTarget section */
		8EDA56D8243BA87A005074DE /* StashCoach */ = {
			isa = PBXNativeTarget;
			buildConfigurationList = 8EDA56F8243BA87F005074DE /* Build configuration list for PBXNativeTarget "StashCoach" */;
			buildPhases = (
				8EDA56D5243BA87A005074DE /* Sources */,
				8EDA56D6243BA87A005074DE /* Frameworks */,
				8EDA56D7243BA87A005074DE /* Resources */,
			);
			buildRules = (
			);
			dependencies = (
			);
			name = StashCoach;
			productName = StashCoach;
			productReference = 8EDA56D9243BA87A005074DE /* StashCoach.app */;
			productType = "com.apple.product-type.application";
		};
		8EDA56EE243BA87E005074DE /* StashCoachTests */ = {
			isa = PBXNativeTarget;
			buildConfigurationList = 8EDA56FB243BA87F005074DE /* Build configuration list for PBXNativeTarget "StashCoachTests" */;
			buildPhases = (
				8EDA56EB243BA87E005074DE /* Sources */,
				8EDA56EC243BA87E005074DE /* Frameworks */,
				8EDA56ED243BA87E005074DE /* Resources */,
			);
			buildRules = (
			);
			dependencies = (
				8EDA56F1243BA87E005074DE /* PBXTargetDependency */,
			);
			name = StashCoachTests;
			productName = StashCoachTests;
			productReference = 8EDA56EF243BA87E005074DE /* StashCoachTests.xctest */;
			productType = "com.apple.product-type.bundle.unit-test";
		};
/* End PBXNativeTarget section */

/* Begin PBXProject section */
		8EDA56D1243BA87A005074DE /* Project object */ = {
			isa = PBXProject;
			attributes = {
				LastSwiftUpdateCheck = 1140;
				LastUpgradeCheck = 1140;
				ORGANIZATIONNAME = "Edgar Barocio";
				TargetAttributes = {
					8EDA56D8243BA87A005074DE = {
						CreatedOnToolsVersion = 11.4;
					};
					8EDA56EE243BA87E005074DE = {
						CreatedOnToolsVersion = 11.4;
						TestTargetID = 8EDA56D8243BA87A005074DE;
					};
				};
			};
			buildConfigurationList = 8EDA56D4243BA87A005074DE /* Build configuration list for PBXProject "StashCoach" */;
			compatibilityVersion = "Xcode 9.3";
			developmentRegion = en;
			hasScannedForEncodings = 0;
			knownRegions = (
				en,
				Base,
			);
			mainGroup = 8EDA56D0243BA87A005074DE;
			productRefGroup = 8EDA56DA243BA87A005074DE /* Products */;
			projectDirPath = "";
			projectRoot = "";
			targets = (
				8EDA56D8243BA87A005074DE /* StashCoach */,
				8EDA56EE243BA87E005074DE /* StashCoachTests */,
			);
		};
/* End PBXProject section */

/* Begin PBXResourcesBuildPhase section */
		8EDA56D7243BA87A005074DE /* Resources */ = {
			isa = PBXResourcesBuildPhase;
			buildActionMask = 2147483647;
			files = (
				8EDA56E9243BA87E005074DE /* LaunchScreen.storyboard in Resources */,
				8E63CA29243D7C21004DD886 /* achievements.json in Resources */,
				8EDA56E6243BA87E005074DE /* Assets.xcassets in Resources */,
				8EDA56E4243BA87A005074DE /* Main.storyboard in Resources */,
			);
			runOnlyForDeploymentPostprocessing = 0;
		};
		8EDA56ED243BA87E005074DE /* Resources */ = {
			isa = PBXResourcesBuildPhase;
			buildActionMask = 2147483647;
			files = (
			);
			runOnlyForDeploymentPostprocessing = 0;
		};
/* End PBXResourcesBuildPhase section */

/* Begin PBXSourcesBuildPhase section */
		8EDA56D5243BA87A005074DE /* Sources */ = {
			isa = PBXSourcesBuildPhase;
			buildActionMask = 2147483647;
			files = (
				8EDA56E1243BA87A005074DE /* ViewController.swift in Sources */,
				8EDA56DD243BA87A005074DE /* AppDelegate.swift in Sources */,
				8EDA56DF243BA87A005074DE /* SceneDelegate.swift in Sources */,
			);
			runOnlyForDeploymentPostprocessing = 0;
		};
		8EDA56EB243BA87E005074DE /* Sources */ = {
			isa = PBXSourcesBuildPhase;
			buildActionMask = 2147483647;
			files = (
				8EDA56F4243BA87F005074DE /* StashCoachTests.swift in Sources */,
			);
			runOnlyForDeploymentPostprocessing = 0;
		};
/* End PBXSourcesBuildPhase section */

/* Begin PBXTargetDependency section */
		8EDA56F1243BA87E005074DE /* PBXTargetDependency */ = {
			isa = PBXTargetDependency;
			target = 8EDA56D8243BA87A005074DE /* StashCoach */;
			targetProxy = 8EDA56F0243BA87E005074DE /* PBXContainerItemProxy */;
		};
/* End PBXTargetDependency section */

/* Begin PBXVariantGroup section */
		8EDA56E2243BA87A005074DE /* Main.storyboard */ = {
			isa = PBXVariantGroup;
			children = (
				8EDA56E3243BA87A005074DE /* Base */,
			);
			name = Main.storyboard;
			sourceTree = "<group>";
		};
		8EDA56E7243BA87E005074DE /* LaunchScreen.storyboard */ = {
			isa = PBXVariantGroup;
			children = (
				8EDA56E8243BA87E005074DE /* Base */,
			);
			name = LaunchScreen.storyboard;
			sourceTree = "<group>";
		};
/* End PBXVariantGroup section */

/* Begin XCBuildConfiguration section */
		8EDA56F6243BA87F005074DE /* Debug */ = {
			isa = XCBuildConfiguration;
			buildSettings = {
				ALWAYS_SEARCH_USER_PATHS = NO;
				CLANG_ANALYZER_NONNULL = YES;
				CLANG_ANALYZER_NUMBER_OBJECT_CONVERSION = YES_AGGRESSIVE;
				CLANG_CXX_LANGUAGE_STANDARD = "gnu++14";
				CLANG_CXX_LIBRARY = "libc++";
				CLANG_ENABLE_MODULES = YES;
				CLANG_ENABLE_OBJC_ARC = YES;
				CLANG_ENABLE_OBJC_WEAK = YES;
				CLANG_WARN_BLOCK_CAPTURE_AUTORELEASING = YES;
				CLANG_WARN_BOOL_CONVERSION = YES;
				CLANG_WARN_COMMA = YES;
				CLANG_WARN_CONSTANT_CONVERSION = YES;
				CLANG_WARN_DEPRECATED_OBJC_IMPLEMENTATIONS = YES;
				CLANG_WARN_DIRECT_OBJC_ISA_USAGE = YES_ERROR;
				CLANG_WARN_DOCUMENTATION_COMMENTS = YES;
				CLANG_WARN_EMPTY_BODY = YES;
				CLANG_WARN_ENUM_CONVERSION = YES;
				CLANG_WARN_INFINITE_RECURSION = YES;
				CLANG_WARN_INT_CONVERSION = YES;
				CLANG_WARN_NON_LITERAL_NULL_CONVERSION = YES;
				CLANG_WARN_OBJC_IMPLICIT_RETAIN_SELF = YES;
				CLANG_WARN_OBJC_LITERAL_CONVERSION = YES;
				CLANG_WARN_OBJC_ROOT_CLASS = YES_ERROR;
				CLANG_WARN_RANGE_LOOP_ANALYSIS = YES;
				CLANG_WARN_STRICT_PROTOTYPES = YES;
				CLANG_WARN_SUSPICIOUS_MOVE = YES;
				CLANG_WARN_UNGUARDED_AVAILABILITY = YES_AGGRESSIVE;
				CLANG_WARN_UNREACHABLE_CODE = YES;
				CLANG_WARN__DUPLICATE_METHOD_MATCH = YES;
				COPY_PHASE_STRIP = NO;
				DEBUG_INFORMATION_FORMAT = dwarf;
				ENABLE_STRICT_OBJC_MSGSEND = YES;
				ENABLE_TESTABILITY = YES;
				GCC_C_LANGUAGE_STANDARD = gnu11;
				GCC_DYNAMIC_NO_PIC = NO;
				GCC_NO_COMMON_BLOCKS = YES;
				GCC_OPTIMIZATION_LEVEL = 0;
				GCC_PREPROCESSOR_DEFINITIONS = (
					"DEBUG=1",
					"$(inherited)",
				);
				GCC_WARN_64_TO_32_BIT_CONVERSION = YES;
				GCC_WARN_ABOUT_RETURN_TYPE = YES_ERROR;
				GCC_WARN_UNDECLARED_SELECTOR = YES;
				GCC_WARN_UNINITIALIZED_AUTOS = YES_AGGRESSIVE;
				GCC_WARN_UNUSED_FUNCTION = YES;
				GCC_WARN_UNUSED_VARIABLE = YES;
				IPHONEOS_DEPLOYMENT_TARGET = 13.4;
				MTL_ENABLE_DEBUG_INFO = INCLUDE_SOURCE;
				MTL_FAST_MATH = YES;
				ONLY_ACTIVE_ARCH = YES;
				SDKROOT = iphoneos;
				SWIFT_ACTIVE_COMPILATION_CONDITIONS = DEBUG;
				SWIFT_OPTIMIZATION_LEVEL = "-Onone";
			};
			name = Debug;
		};
		8EDA56F7243BA87F005074DE /* Release */ = {
			isa = XCBuildConfiguration;
			buildSettings = {
				ALWAYS_SEARCH_USER_PATHS = NO;
				CLANG_ANALYZER_NONNULL = YES;
				CLANG_ANALYZER_NUMBER_OBJECT_CONVERSION = YES_AGGRESSIVE;
				CLANG_CXX_LANGUAGE_STANDARD = "gnu++14";
				CLANG_CXX_LIBRARY = "libc++";
				CLANG_ENABLE_MODULES = YES;
				CLANG_ENABLE_OBJC_ARC = YES;
				CLANG_ENABLE_OBJC_WEAK = YES;
				CLANG_WARN_BLOCK_CAPTURE_AUTORELEASING = YES;
				CLANG_WARN_BOOL_CONVERSION = YES;
				CLANG_WARN_COMMA = YES;
				CLANG_WARN_CONSTANT_CONVERSION = YES;
				CLANG_WARN_DEPRECATED_OBJC_IMPLEMENTATIONS = YES;
				CLANG_WARN_DIRECT_OBJC_ISA_USAGE = YES_ERROR;
				CLANG_WARN_DOCUMENTATION_COMMENTS = YES;
				CLANG_WARN_EMPTY_BODY = YES;
				CLANG_WARN_ENUM_CONVERSION = YES;
				CLANG_WARN_INFINITE_RECURSION = YES;
				CLANG_WARN_INT_CONVERSION = YES;
				CLANG_WARN_NON_LITERAL_NULL_CONVERSION = YES;
				CLANG_WARN_OBJC_IMPLICIT_RETAIN_SELF = YES;
				CLANG_WARN_OBJC_LITERAL_CONVERSION = YES;
				CLANG_WARN_OBJC_ROOT_CLASS = YES_ERROR;
				CLANG_WARN_RANGE_LOOP_ANALYSIS = YES;
				CLANG_WARN_STRICT_PROTOTYPES = YES;
				CLANG_WARN_SUSPICIOUS_MOVE = YES;
				CLANG_WARN_UNGUARDED_AVAILABILITY = YES_AGGRESSIVE;
				CLANG_WARN_UNREACHABLE_CODE = YES;
				CLANG_WARN__DUPLICATE_METHOD_MATCH = YES;
				COPY_PHASE_STRIP = NO;
				DEBUG_INFORMATION_FORMAT = "dwarf-with-dsym";
				ENABLE_NS_ASSERTIONS = NO;
				ENABLE_STRICT_OBJC_MSGSEND = YES;
				GCC_C_LANGUAGE_STANDARD = gnu11;
				GCC_NO_COMMON_BLOCKS = YES;
				GCC_WARN_64_TO_32_BIT_CONVERSION = YES;
				GCC_WARN_ABOUT_RETURN_TYPE = YES_ERROR;
				GCC_WARN_UNDECLARED_SELECTOR = YES;
				GCC_WARN_UNINITIALIZED_AUTOS = YES_AGGRESSIVE;
				GCC_WARN_UNUSED_FUNCTION = YES;
				GCC_WARN_UNUSED_VARIABLE = YES;
				IPHONEOS_DEPLOYMENT_TARGET = 13.4;
				MTL_ENABLE_DEBUG_INFO = NO;
				MTL_FAST_MATH = YES;
				SDKROOT = iphoneos;
				SWIFT_COMPILATION_MODE = wholemodule;
				SWIFT_OPTIMIZATION_LEVEL = "-O";
				VALIDATE_PRODUCT = YES;
			};
			name = Release;
		};
		8EDA56F9243BA87F005074DE /* Debug */ = {
			isa = XCBuildConfiguration;
			buildSettings = {
				ASSETCATALOG_COMPILER_APPICON_NAME = AppIcon;
				CODE_SIGN_STYLE = Automatic;
				INFOPLIST_FILE = StashCoach/Info.plist;
				LD_RUNPATH_SEARCH_PATHS = (
					"$(inherited)",
					"@executable_path/Frameworks",
				);
				PRODUCT_BUNDLE_IDENTIFIER = com.test.StashCoach;
				PRODUCT_NAME = "$(TARGET_NAME)";
				SWIFT_VERSION = 5.0;
				TARGETED_DEVICE_FAMILY = "1,2";
			};
			name = Debug;
		};
		8EDA56FA243BA87F005074DE /* Release */ = {
			isa = XCBuildConfiguration;
			buildSettings = {
				ASSETCATALOG_COMPILER_APPICON_NAME = AppIcon;
				CODE_SIGN_STYLE = Automatic;
				INFOPLIST_FILE = StashCoach/Info.plist;
				LD_RUNPATH_SEARCH_PATHS = (
					"$(inherited)",
					"@executable_path/Frameworks",
				);
				PRODUCT_BUNDLE_IDENTIFIER = com.test.StashCoach;
				PRODUCT_NAME = "$(TARGET_NAME)";
				SWIFT_VERSION = 5.0;
				TARGETED_DEVICE_FAMILY = "1,2";
			};
			name = Release;
		};
		8EDA56FC243BA87F005074DE /* Debug */ = {
			isa = XCBuildConfiguration;
			buildSettings = {
				ALWAYS_EMBED_SWIFT_STANDARD_LIBRARIES = YES;
				BUNDLE_LOADER = "$(TEST_HOST)";
				CODE_SIGN_STYLE = Automatic;
				INFOPLIST_FILE = StashCoachTests/Info.plist;
				IPHONEOS_DEPLOYMENT_TARGET = 13.4;
				LD_RUNPATH_SEARCH_PATHS = (
					"$(inherited)",
					"@executable_path/Frameworks",
					"@loader_path/Frameworks",
				);
				PRODUCT_BUNDLE_IDENTIFIER = com.test.StashCoachTests;
				PRODUCT_NAME = "$(TARGET_NAME)";
				SWIFT_VERSION = 5.0;
				TARGETED_DEVICE_FAMILY = "1,2";
				TEST_HOST = "$(BUILT_PRODUCTS_DIR)/StashCoach.app/StashCoach";
			};
			name = Debug;
		};
		8EDA56FD243BA87F005074DE /* Release */ = {
			isa = XCBuildConfiguration;
			buildSettings = {
				ALWAYS_EMBED_SWIFT_STANDARD_LIBRARIES = YES;
				BUNDLE_LOADER = "$(TEST_HOST)";
				CODE_SIGN_STYLE = Automatic;
				INFOPLIST_FILE = StashCoachTests/Info.plist;
				IPHONEOS_DEPLOYMENT_TARGET = 13.4;
				LD_RUNPATH_SEARCH_PATHS = (
					"$(inherited)",
					"@executable_path/Frameworks",
					"@loader_path/Frameworks",
				);
				PRODUCT_BUNDLE_IDENTIFIER = com.test.StashCoachTests;
				PRODUCT_NAME = "$(TARGET_NAME)";
				SWIFT_VERSION = 5.0;
				TARGETED_DEVICE_FAMILY = "1,2";
				TEST_HOST = "$(BUILT_PRODUCTS_DIR)/StashCoach.app/StashCoach";
			};
			name = Release;
		};
/* End XCBuildConfiguration section */

/* Begin XCConfigurationList section */
		8EDA56D4243BA87A005074DE /* Build configuration list for PBXProject "StashCoach" */ = {
			isa = XCConfigurationList;
			buildConfigurations = (
				8EDA56F6243BA87F005074DE /* Debug */,
				8EDA56F7243BA87F005074DE /* Release */,
			);
			defaultConfigurationIsVisible = 0;
			defaultConfigurationName = Release;
		};
		8EDA56F8243BA87F005074DE /* Build configuration list for PBXNativeTarget "StashCoach" */ = {
			isa = XCConfigurationList;
			buildConfigurations = (
				8EDA56F9243BA87F005074DE /* Debug */,
				8EDA56FA243BA87F005074DE /* Release */,
			);
			defaultConfigurationIsVisible = 0;
			defaultConfigurationName = Release;
		};
		8EDA56FB243BA87F005074DE /* Build configuration list for PBXNativeTarget "StashCoachTests" */ = {
			isa = XCConfigurationList;
			buildConfigurations = (
				8EDA56FC243BA87F005074DE /* Debug */,
				8EDA56FD243BA87F005074DE /* Release */,
			);
			defaultConfigurationIsVisible = 0;
			defaultConfigurationName = Release;
		};
/* End XCConfigurationList section */
	};
	rootObject = 8EDA56D1243BA87A005074DE /* Project object */;
}
